
Microsoft Visual Studio Solution File, Format Version 12.00
# Visual Studio Version 16
VisualStudioVersion = 16.0.29326.143
MinimumVisualStudioVersion = 10.0.40219.1
Project("{9A19103F-16F7-4668-BE54-9A1E7A4F7556}") = "AdminPortal", "AdminPortal\AdminPortal.csproj", "{D760BFA9-61FC-4D76-9BDD-90DCA17BD16A}"
EndProject
Global
	GlobalSection(SolutionConfigurationPlatforms) = preSolution
		Debug|Any CPU = Debug|Any CPU
		Release|Any CPU = Release|Any CPU
	EndGlobalSection
	GlobalSection(ProjectConfigurationPlatforms) = postSolution
		{D760BFA9-61FC-4D76-9BDD-90DCA17BD16A}.Debug|Any CPU.ActiveCfg = Debug|Any CPU
		{D760BFA9-61FC-4D76-9BDD-90DCA17BD16A}.Debug|Any CPU.Build.0 = Debug|Any CPU
		{D760BFA9-61FC-4D76-9BDD-90DCA17BD16A}.Release|Any CPU.ActiveCfg = Release|Any CPU
		{D760BFA9-61FC-4D76-9BDD-90DCA17BD16A}.Release|Any CPU.Build.0 = Release|Any CPU
	EndGlobalSection
	GlobalSection(SolutionProperties) = preSolution
		HideSolutionNode = FALSE
	EndGlobalSection
	GlobalSection(ExtensibilityGlobals) = postSolution
		SolutionGuid = {8ADE21D4-6621-42BC-B0CF-C3FAE1D35299}
	EndGlobalSection
EndGlobal
